{
    "_meta": {
        "hash": {
            "sha256": "eac125f75d3e27da7a6ba101ea0ecc7bc889e3c753be3405e52462d78fb98904"
        },
        "pipfile-spec": 6,
        "requires": {
            "python_version": "3.7"
        },
        "sources": [
            {
                "name": "pypi",
                "url": "https://pypi.org/simple",
                "verify_ssl": true
            }
        ]
    },
    "default": {
        "pyside2": {
            "hashes": [
                "sha256:11a3646a16e5fdfd67b3f08d097bef7c93fc523da313453bd6839b8d4cce85d7",
                "sha256:14c237b0ee652d49a21fb6a4bcf09ae4f225c7bbaeface758883abd6fdff7d25",
                "sha256:206601a5c9a1de4e8a9a9e4937345197dca34cf075f327fefa6d3a39c3068ab0",
                "sha256:a2a69bad97bb35d9e5b7bb27c4a762dc9fe69e2bc7a81076498c47b7947666a6",
                "sha256:d8291705f7c2de7fd3eeef0619996b8cd20156eb7be103c3cb5d33aedc80fce3",
                "sha256:da6933393808e28437ac93459f883f15299118c58f40260bcdecf8e2eceeaccd"
            ],
            "index": "pypi",
            "version": "==5.13.0"
        },
        "shiboken2": {
            "hashes": [
                "sha256:19fab126ea9e64eb9695704e2099cf864aacad2e8fce3bc749a910df16fdcb2e",
                "sha256:4137e418fb19f2fffeb993f7a3d9216a398eb27d53dd93dfef4e471030dd54fe",
                "sha256:71c830134aa63420cd5cd12d0abb80c4d67bcca42be0b6182a6085b6c6ddd96c",
                "sha256:9749fe940a62558db628ad20a1554620b3ac8f5a2d56d75533d1551bbd2ab37f",
                "sha256:cbca85a677194257c1a673d60b2bf4baba158edc7960b1ddd01f11e1d6fe777b",
                "sha256:f88640508f74c91d42f157ef183b3f6fd06f0358f00797b801d356418a5c85cb"
            ],
            "version": "==5.13.0"
        }
    },
    "develop": {
        "altgraph": {
            "hashes": [
                "sha256:ad33358114df7c9416cdb8fa1eaa5852166c505118717021c6a8c7c7abbd03dd",
                "sha256:c8ac1ca6772207179ed8003ce7687757c04b0b71536f81e2ac5755c6226458fe"
            ],
            "version": "==0.17.3"
        },
        "future": {
            "hashes": [
                "sha256:34a17436ed1e96697a86f9de3d15a3b0be01d8bc8de9c1dffd59fb8234ed5307"
            ],
            "index": "pypi",
            "version": "==0.18.3"
        },
        "macholib": {
            "hashes": [
                "sha256:44c40f2cd7d6726af8fa6fe22549178d3a4dfecc35a9cd15ea916d9c83a688e0",
                "sha256:557bbfa1bb255c20e9abafe7ed6cd8046b48d9525db2f9b77d3122a63a2a8bf8"
            ],
            "version": "==1.16.2"
        },
        "pefile": {
            "hashes": [
                "sha256:82e6114004b3d6911c77c3953e3838654b04511b8b66e8583db70c65998017dc",
                "sha256:da185cd2af68c08a6cd4481f7325ed600a88f6a813bad9dea07ab3ef73d8d8d6"
            ],
            "markers": "python_full_version >= '3.6.0'",
            "version": "==2023.2.7"
        },
        "pyinstaller": {
            "hashes": [
                "sha256:a5a6e04a66abfcf8761e89a2ebad937919c6be33a7b8963e1a961b55cb35986b"
            ],
            "index": "pypi",
            "version": "==3.4"
        },
        "setuptools": {
            "hashes": [
                "sha256:257de92a9d50a60b8e22abfcbb771571fde0dbf3ec234463212027a4eeecbe9a",
                "sha256:e728ca814a823bf7bf60162daf9db95b93d532948c4c0bea762ce62f60189078"
            ],
            "markers": "python_version >= '3.7'",
            "version": "==67.6.1"
        }
    }
}
